
Microsoft Visual Studio Solution File, Format Version 12.00
# Visual Studio 15
VisualStudioVersion = 15.0.26124.0
MinimumVisualStudioVersion = 15.0.26124.0
Project("{2150E333-8FDC-42A3-9474-1A3956D46DE8}") = "src", "src", "{80E409F3-113F-4828-801D-12C6A9A23BEE}"
EndProject
Project("{FAE04EC0-301F-11D3-BF4B-00C04F79EFBC}") = "GradeBook", "src\GradeBook\GradeBook.csproj", "{B0F0FB12-70E9-42F0-BCEF-4063B4B8F21C}"
EndProject
Project("{2150E333-8FDC-42A3-9474-1A3956D46DE8}") = "test", "test", "{80771C61-220D-489A-A332-69788F5B2065}"
EndProject
Project("{FAE04EC0-301F-11D3-BF4B-00C04F79EFBC}") = "GradeBook.Tests", "test\GradeBook.Tests\GradeBook.Tests.csproj", "{D4D9FBB8-98FD-4697-8BAA-73D578ED575A}"
EndProject
Global
	GlobalSection(SolutionConfigurationPlatforms) = preSolution
		Debug|Any CPU = Debug|Any CPU
		Debug|x64 = Debug|x64
		Debug|x86 = Debug|x86
		Release|Any CPU = Release|Any CPU
		Release|x64 = Release|x64
		Release|x86 = Release|x86
	EndGlobalSection
	GlobalSection(SolutionProperties) = preSolution
		HideSolutionNode = FALSE
	EndGlobalSection
	GlobalSection(ProjectConfigurationPlatforms) = postSolution
		{B0F0FB12-70E9-42F0-BCEF-4063B4B8F21C}.Debug|Any CPU.ActiveCfg = Debug|Any CPU
		{B0F0FB12-70E9-42F0-BCEF-4063B4B8F21C}.Debug|Any CPU.Build.0 = Debug|Any CPU
		{B0F0FB12-70E9-42F0-BCEF-4063B4B8F21C}.Debug|x64.ActiveCfg = Debug|Any CPU
		{B0F0FB12-70E9-42F0-BCEF-4063B4B8F21C}.Debug|x64.Build.0 = Debug|Any CPU
		{B0F0FB12-70E9-42F0-BCEF-4063B4B8F21C}.Debug|x86.ActiveCfg = Debug|Any CPU
		{B0F0FB12-70E9-42F0-BCEF-4063B4B8F21C}.Debug|x86.Build.0 = Debug|Any CPU
		{B0F0FB12-70E9-42F0-BCEF-4063B4B8F21C}.Release|Any CPU.ActiveCfg = Release|Any CPU
		{B0F0FB12-70E9-42F0-BCEF-4063B4B8F21C}.Release|Any CPU.Build.0 = Release|Any CPU
		{B0F0FB12-70E9-42F0-BCEF-4063B4B8F21C}.Release|x64.ActiveCfg = Release|Any CPU
		{B0F0FB12-70E9-42F0-BCEF-4063B4B8F21C}.Release|x64.Build.0 = Release|Any CPU
		{B0F0FB12-70E9-42F0-BCEF-4063B4B8F21C}.Release|x86.ActiveCfg = Release|Any CPU
		{B0F0FB12-70E9-42F0-BCEF-4063B4B8F21C}.Release|x86.Build.0 = Release|Any CPU
		{D4D9FBB8-98FD-4697-8BAA-73D578ED575A}.Debug|Any CPU.ActiveCfg = Debug|Any CPU
		{D4D9FBB8-98FD-4697-8BAA-73D578ED575A}.Debug|Any CPU.Build.0 = Debug|Any CPU
		{D4D9FBB8-98FD-4697-8BAA-73D578ED575A}.Debug|x64.ActiveCfg = Debug|Any CPU
		{D4D9FBB8-98FD-4697-8BAA-73D578ED575A}.Debug|x64.Build.0 = Debug|Any CPU
		{D4D9FBB8-98FD-4697-8BAA-73D578ED575A}.Debug|x86.ActiveCfg = Debug|Any CPU
		{D4D9FBB8-98FD-4697-8BAA-73D578ED575A}.Debug|x86.Build.0 = Debug|Any CPU
		{D4D9FBB8-98FD-4697-8BAA-73D578ED575A}.Release|Any CPU.ActiveCfg = Release|Any CPU
		{D4D9FBB8-98FD-4697-8BAA-73D578ED575A}.Release|Any CPU.Build.0 = Release|Any CPU
		{D4D9FBB8-98FD-4697-8BAA-73D578ED575A}.Release|x64.ActiveCfg = Release|Any CPU
		{D4D9FBB8-98FD-4697-8BAA-73D578ED575A}.Release|x64.Build.0 = Release|Any CPU
		{D4D9FBB8-98FD-4697-8BAA-73D578ED575A}.Release|x86.ActiveCfg = Release|Any CPU
		{D4D9FBB8-98FD-4697-8BAA-73D578ED575A}.Release|x86.Build.0 = Release|Any CPU
	EndGlobalSection
	GlobalSection(NestedProjects) = preSolution
		{B0F0FB12-70E9-42F0-BCEF-4063B4B8F21C} = {80E409F3-113F-4828-801D-12C6A9A23BEE}
		{D4D9FBB8-98FD-4697-8BAA-73D578ED575A} = {80771C61-220D-489A-A332-69788F5B2065}
	EndGlobalSection
EndGlobal
